
Microsoft Visual Studio Solution File, Format Version 12.00
# Visual Studio Version 17
VisualStudioVersion = 17.12.35527.113 d17.12
MinimumVisualStudioVersion = 10.0.40219.1
Project("{FAE04EC0-301F-11D3-BF4B-00C04F79EFBC}") = "PieShop", "PieShop.csproj", "{4211D5D8-17FA-4F43-A3A0-846FD4D4009B}"
EndProject
Global
	GlobalSection(SolutionConfigurationPlatforms) = preSolution
		Debug|Any CPU = Debug|Any CPU
		Release|Any CPU = Release|Any CPU
	EndGlobalSection
	GlobalSection(ProjectConfigurationPlatforms) = postSolution
		{4211D5D8-17FA-4F43-A3A0-846FD4D4009B}.Debug|Any CPU.ActiveCfg = Debug|Any CPU
		{4211D5D8-17FA-4F43-A3A0-846FD4D4009B}.Debug|Any CPU.Build.0 = Debug|Any CPU
		{4211D5D8-17FA-4F43-A3A0-846FD4D4009B}.Release|Any CPU.ActiveCfg = Release|Any CPU
		{4211D5D8-17FA-4F43-A3A0-846FD4D4009B}.Release|Any CPU.Build.0 = Release|Any CPU
	EndGlobalSection
	GlobalSection(SolutionProperties) = preSolution
		HideSolutionNode = FALSE
	EndGlobalSection
EndGlobal
